
Microsoft Visual Studio Solution File, Format Version 12.00
# Visual Studio Version 17
VisualStudioVersion = 17.14.36121.58 d17.14
MinimumVisualStudioVersion = 10.0.40219.1
Project("{FAE04EC0-301F-11D3-BF4B-00C04F79EFBC}") = "FitnessApp", "FitnessApp\FitnessApp.csproj", "{FAE981E3-2A66-4F08-A23C-6F9528FA14DC}"
EndProject
Global
	GlobalSection(SolutionConfigurationPlatforms) = preSolution
		Debug|Any CPU = Debug|Any CPU
		Release|Any CPU = Release|Any CPU
	EndGlobalSection
	GlobalSection(ProjectConfigurationPlatforms) = postSolution
		{FAE981E3-2A66-4F08-A23C-6F9528FA14DC}.Debug|Any CPU.ActiveCfg = Debug|Any CPU
		{FAE981E3-2A66-4F08-A23C-6F9528FA14DC}.Debug|Any CPU.Build.0 = Debug|Any CPU
		{FAE981E3-2A66-4F08-A23C-6F9528FA14DC}.Release|Any CPU.ActiveCfg = Release|Any CPU
		{FAE981E3-2A66-4F08-A23C-6F9528FA14DC}.Release|Any CPU.Build.0 = Release|Any CPU
	EndGlobalSection
	GlobalSection(SolutionProperties) = preSolution
		HideSolutionNode = FALSE
	EndGlobalSection
	GlobalSection(ExtensibilityGlobals) = postSolution
		SolutionGuid = {C1410718-A667-46B5-9B0B-227C99BBE535}
	EndGlobalSection
EndGlobal
